<?xml version="1.0" encoding="utf-8"?>
<Project ToolsVersion="4.0" xmlns="http://schemas.microsoft.com/developer/msbuild/2003">
  <ItemGroup>
    <Filter Include="Source Files">
      <UniqueIdentifier>{4FC737F1-C7A5-4376-A066-2A32D752A2FF}</UniqueIdentifier>
      <Extensions>cpp;c;cc;cxx;def;odl;idl;hpj;bat;asm;asmx</Extensions>
    </Filter>
    <Filter Include="Header Files">
      <UniqueIdentifier>{93995380-89BD-4b04-88EB-625FBE52EBFB}</UniqueIdentifier>
      <Extensions>h;hh;hpp;hxx;hm;inl;inc;xsd</Extensions>
    </Filter>
    <Filter Include="Resource Files">
      <UniqueIdentifier>{67DA6AB6-F800-4c08-8B7A-83BB121AAD01}</UniqueIdentifier>
      <Extensions>rc;ico;cur;bmp;dlg;rc2;rct;bin;rgs;gif;jpg;jpeg;jpe;resx;tiff;tif;png;wav</Extensions>
    </Filter>
  </ItemGroup>
  <ItemGroup>
    <ClCompile Include="abstract_syntax\abstract_syntax_tree_v1_test.cc">
      <Filter>Source Files</Filter>
    </ClCompile>
    <ClCompile Include="abstract_syntax\abstract_syntax_tree_v2_test.cc">
      <Filter>Source Files</Filter>
    </ClCompile>
    <ClCompile Include="abstract_syntax\abstract_syntax_tree_v3_test.cc">
      <Filter>Source Files</Filter>
    </ClCompile>
    <ClCompile Include="abstract_syntax\print_visitor_v1_test.cc">
      <Filter>Source Files</Filter>
    </ClCompile>
    <ClCompile Include="backend\assembly_generator_test.cc">
      <Filter>Source Files</Filter>
    </ClCompile>
    <ClCompile Include="backend\ir_generator_ast_visitor_v1_test.cc">
      <Filter>Source Files</Filter>
    </ClCompile>
    <ClCompile Include="frontend\frontend.cc">
      <Filter>Source Files</Filter>
    </ClCompile>
    <ClCompile Include="frontend\parser\parser.cc">
      <Filter>Source Files</Filter>
    </ClCompile>
    <ClCompile Include="frontend\parser\parser_test.cc">
      <Filter>Source Files</Filter>
    </ClCompile>
    <ClCompile Include="frontend\scanner\scanner.cc">
      <Filter>Source Files</Filter>
    </ClCompile>
    <ClCompile Include="frontend\scanner\state_machine\dfa\dfa.cc">
      <Filter>Source Files</Filter>
    </ClCompile>
    <ClCompile Include="frontend\scanner\state_machine\dfa\Dfa_test.cc">
      <Filter>Source Files</Filter>
    </ClCompile>
    <ClCompile Include="frontend\scanner\state_machine\state\state.cc">
      <Filter>Source Files</Filter>
    </ClCompile>
    <ClCompile Include="frontend\scanner\state_machine\state\State_test.cc">
      <Filter>Source Files</Filter>
    </ClCompile>
    <ClCompile Include="frontend\scanner\token\ArithmeticExpressionToken.cc">
      <Filter>Source Files</Filter>
    </ClCompile>
    <ClCompile Include="frontend\scanner\token\ClosedParenthesisToken.cc">
      <Filter>Source Files</Filter>
    </ClCompile>
    <ClCompile Include="frontend\scanner\token\IntegerToken.cc">
      <Filter>Source Files</Filter>
    </ClCompile>
    <ClCompile Include="frontend\scanner\token\InvalidToken.cc">
      <Filter>Source Files</Filter>
    </ClCompile>
    <ClCompile Include="frontend\scanner\token\OpenParenthesisToken.cc">
      <Filter>Source Files</Filter>
    </ClCompile>
    <ClCompile Include="frontend\scanner\token\Token.cc">
      <Filter>Source Files</Filter>
    </ClCompile>
    <ClCompile Include="frontend\scanner\token\Token_test.cc">
      <Filter>Source Files</Filter>
    </ClCompile>
    <ClCompile Include="interpreter\interpreter.cc">
      <Filter>Source Files</Filter>
    </ClCompile>
    <ClCompile Include="interpreter\interpreter_test.cc">
      <Filter>Source Files</Filter>
    </ClCompile>
    <ClCompile Include="interpreter\interpreter_test_randomAST.cc">
      <Filter>Source Files</Filter>
    </ClCompile>
    <ClCompile Include="smart_pointer_primer\simple_example_test.cc">
      <Filter>Source Files</Filter>
    </ClCompile>
  </ItemGroup>
  <ItemGroup>
    <ClInclude Include="abstract_syntax\abstract_syntax.h">
      <Filter>Header Files</Filter>
    </ClInclude>
    <ClInclude Include="abstract_syntax\abstract_syntax_tree_v1.h">
      <Filter>Header Files</Filter>
    </ClInclude>
    <ClInclude Include="abstract_syntax\abstract_syntax_tree_v2.h">
      <Filter>Header Files</Filter>
    </ClInclude>
    <ClInclude Include="abstract_syntax\abstract_syntax_tree_v3.h">
      <Filter>Header Files</Filter>
    </ClInclude>
    <ClInclude Include="abstract_syntax\print_visitor_v1.h">
      <Filter>Header Files</Filter>
    </ClInclude>
    <ClInclude Include="backend\intermediate_representation_v1.h">
      <Filter>Header Files</Filter>
    </ClInclude>
    <ClInclude Include="backend\ir_generator_ast_visitor_v1.h">
      <Filter>Header Files</Filter>
    </ClInclude>
    <ClInclude Include="frontend\frontend.h">
      <Filter>Header Files</Filter>
    </ClInclude>
    <ClInclude Include="frontend\parser\cfg.h">
      <Filter>Header Files</Filter>
    </ClInclude>
    <ClInclude Include="frontend\parser\expression.h">
      <Filter>Header Files</Filter>
    </ClInclude>
    <ClInclude Include="frontend\parser\parser.h">
      <Filter>Header Files</Filter>
    </ClInclude>
    <ClInclude Include="frontend\scanner\state_machine\dfa\dfa.h">
      <Filter>Header Files</Filter>
    </ClInclude>
    <ClInclude Include="frontend\scanner\state_machine\state\state.h">
      <Filter>Header Files</Filter>
    </ClInclude>
    <ClInclude Include="frontend\scanner\token\ArithmeticExpressionToken.h">
      <Filter>Header Files</Filter>
    </ClInclude>
    <ClInclude Include="frontend\scanner\token\ClosedParenthesisToken.h">
      <Filter>Header Files</Filter>
    </ClInclude>
    <ClInclude Include="frontend\scanner\token\IntegerToken.h">
      <Filter>Header Files</Filter>
    </ClInclude>
    <ClInclude Include="frontend\scanner\token\InvalidToken.h">
      <Filter>Header Files</Filter>
    </ClInclude>
    <ClInclude Include="frontend\scanner\token\OpenParenthesisToken.h">
      <Filter>Header Files</Filter>
    </ClInclude>
    <ClInclude Include="frontend\scanner\token\Token.h">
      <Filter>Header Files</Filter>
    </ClInclude>
    <ClInclude Include="interpreter\interpreter.h">
      <Filter>Header Files</Filter>
    </ClInclude>
    <ClInclude Include="smart_pointer_primer\simple_example.h">
      <Filter>Header Files</Filter>
    </ClInclude>
    <ClInclude Include="utility\memory.h">
      <Filter>Header Files</Filter>
    </ClInclude>
    <ClInclude Include="backend\assembly_generator_v1.h">
      <Filter>Header Files</Filter>
    </ClInclude>
  </ItemGroup>
</Project>